
Microsoft Visual Studio Solution File, Format Version 12.00
# Visual Studio Version 16
VisualStudioVersion = 16.0.30709.132
MinimumVisualStudioVersion = 10.0.40219.1
Project("{2150E333-8FDC-42A3-9474-1A3956D46DE8}") = "BL", "BL", "{54F55828-F214-4BFB-AF40-83DF4590F7D1}"
EndProject
Project("{9A19103F-16F7-4668-BE54-9A1E7A4F7556}") = "BL.ExtentionsInitializer", "BL.ExtentionsInitializer\BL.ExtentionsInitializer.csproj", "{86284C15-EA35-4DE2-990D-68D497BF3971}"
EndProject
Project("{2150E333-8FDC-42A3-9474-1A3956D46DE8}") = "DL", "DL", "{A35C0934-34A9-4674-9768-AB93DDA2780D}"
EndProject
Project("{2150E333-8FDC-42A3-9474-1A3956D46DE8}") = "PL", "PL", "{AB91832F-6EE1-4C3B-8CD2-6D6A5ECEFBDB}"
EndProject
Project("{2150E333-8FDC-42A3-9474-1A3956D46DE8}") = "Common", "Common", "{E622BCEB-F3FF-4056-A3CE-F1A5F6394A5D}"
EndProject
Project("{9A19103F-16F7-4668-BE54-9A1E7A4F7556}") = "Enums", "Enums\Enums.csproj", "{549794EF-4543-4110-9306-BE1AFA81CB4B}"
EndProject
Project("{9A19103F-16F7-4668-BE54-9A1E7A4F7556}") = "BL.ApiInterfaces", "BL.Interfaces\BL.ApiInterfaces.csproj", "{6CBF24FA-D6AA-47B6-A86A-44B0944360D5}"
EndProject
Project("{9A19103F-16F7-4668-BE54-9A1E7A4F7556}") = "BL.ApiServices", "BL.Services\BL.ApiServices.csproj", "{71A6D00C-C035-4BCD-B256-CCF98CC3D5AF}"
EndProject
Project("{9A19103F-16F7-4668-BE54-9A1E7A4F7556}") = "BL.ViewModels", "BL.ViewModels\BL.ViewModels.csproj", "{7B20484E-2F19-4FA7-B3CD-441965AD8D88}"
EndProject
Project("{9A19103F-16F7-4668-BE54-9A1E7A4F7556}") = "DL.Entities", "DL.Entities\DL.Entities.csproj", "{B44E11A2-C7D2-4574-864B-70E5F94E4C01}"
EndProject
Project("{9A19103F-16F7-4668-BE54-9A1E7A4F7556}") = "DL.ExtentionInitializer", "DL.ExtentionInitializer\DL.ExtentionInitializer.csproj", "{2DB85F4D-FE0E-4B22-8569-B02A8C4E0031}"
EndProject
Project("{9A19103F-16F7-4668-BE54-9A1E7A4F7556}") = "DL.ApiInterfaces", "DL.ApiInterfaces\DL.ApiInterfaces.csproj", "{4649E464-3D38-45F4-9FB6-8A2F62CE2364}"
EndProject
Project("{9A19103F-16F7-4668-BE54-9A1E7A4F7556}") = "DL.ApiRepositories", "DL.ApiRepositories\DL.ApiRepositories.csproj", "{F1E5458A-B1B3-455B-963F-F10391E67982}"
EndProject
Project("{9A19103F-16F7-4668-BE54-9A1E7A4F7556}") = "DL.IUnitOfWork", "IUnitOfWork\DL.IUnitOfWork.csproj", "{19777113-17D9-4968-BE8F-D031887AEBCF}"
EndProject
Project("{9A19103F-16F7-4668-BE54-9A1E7A4F7556}") = "DL.UnitOfWork", "DL.UnitOfWork\DL.UnitOfWork.csproj", "{FD76A68E-75B4-4599-B688-80B672CA4167}"
EndProject
Project("{9A19103F-16F7-4668-BE54-9A1E7A4F7556}") = "DL.DatabaseContext", "DL.DatabaseContext\DL.DatabaseContext.csproj", "{4D0FCFED-791E-4C7C-85A5-77C65ACCB8A9}"
EndProject
Project("{9A19103F-16F7-4668-BE54-9A1E7A4F7556}") = "Infrastructure", "Infrastructure\Infrastructure.csproj", "{4A4E9662-4B21-4E50-979E-1CBF117281DC}"
EndProject
Project("{9A19103F-16F7-4668-BE54-9A1E7A4F7556}") = "AutoMapperConfiguration", "AutoMapperConfiguration\AutoMapperConfiguration.csproj", "{FB59F365-6FB6-445E-90BA-437A416D5620}"
EndProject
Project("{FAE04EC0-301F-11D3-BF4B-00C04F79EFBC}") = "QuestionsAPI", "QuestionsAPI\QuestionsAPI.csproj", "{AE7B42C7-F306-4260-9C67-3052B7B7DF65}"
EndProject
Global
	GlobalSection(SolutionConfigurationPlatforms) = preSolution
		Debug|Any CPU = Debug|Any CPU
		Release|Any CPU = Release|Any CPU
	EndGlobalSection
	GlobalSection(ProjectConfigurationPlatforms) = postSolution
		{86284C15-EA35-4DE2-990D-68D497BF3971}.Debug|Any CPU.ActiveCfg = Debug|Any CPU
		{86284C15-EA35-4DE2-990D-68D497BF3971}.Debug|Any CPU.Build.0 = Debug|Any CPU
		{86284C15-EA35-4DE2-990D-68D497BF3971}.Release|Any CPU.ActiveCfg = Release|Any CPU
		{86284C15-EA35-4DE2-990D-68D497BF3971}.Release|Any CPU.Build.0 = Release|Any CPU
		{549794EF-4543-4110-9306-BE1AFA81CB4B}.Debug|Any CPU.ActiveCfg = Debug|Any CPU
		{549794EF-4543-4110-9306-BE1AFA81CB4B}.Debug|Any CPU.Build.0 = Debug|Any CPU
		{549794EF-4543-4110-9306-BE1AFA81CB4B}.Release|Any CPU.ActiveCfg = Release|Any CPU
		{549794EF-4543-4110-9306-BE1AFA81CB4B}.Release|Any CPU.Build.0 = Release|Any CPU
		{6CBF24FA-D6AA-47B6-A86A-44B0944360D5}.Debug|Any CPU.ActiveCfg = Debug|Any CPU
		{6CBF24FA-D6AA-47B6-A86A-44B0944360D5}.Debug|Any CPU.Build.0 = Debug|Any CPU
		{6CBF24FA-D6AA-47B6-A86A-44B0944360D5}.Release|Any CPU.ActiveCfg = Release|Any CPU
		{6CBF24FA-D6AA-47B6-A86A-44B0944360D5}.Release|Any CPU.Build.0 = Release|Any CPU
		{71A6D00C-C035-4BCD-B256-CCF98CC3D5AF}.Debug|Any CPU.ActiveCfg = Debug|Any CPU
		{71A6D00C-C035-4BCD-B256-CCF98CC3D5AF}.Debug|Any CPU.Build.0 = Debug|Any CPU
		{71A6D00C-C035-4BCD-B256-CCF98CC3D5AF}.Release|Any CPU.ActiveCfg = Release|Any CPU
		{71A6D00C-C035-4BCD-B256-CCF98CC3D5AF}.Release|Any CPU.Build.0 = Release|Any CPU
		{7B20484E-2F19-4FA7-B3CD-441965AD8D88}.Debug|Any CPU.ActiveCfg = Debug|Any CPU
		{7B20484E-2F19-4FA7-B3CD-441965AD8D88}.Debug|Any CPU.Build.0 = Debug|Any CPU
		{7B20484E-2F19-4FA7-B3CD-441965AD8D88}.Release|Any CPU.ActiveCfg = Release|Any CPU
		{7B20484E-2F19-4FA7-B3CD-441965AD8D88}.Release|Any CPU.Build.0 = Release|Any CPU
		{B44E11A2-C7D2-4574-864B-70E5F94E4C01}.Debug|Any CPU.ActiveCfg = Debug|Any CPU
		{B44E11A2-C7D2-4574-864B-70E5F94E4C01}.Debug|Any CPU.Build.0 = Debug|Any CPU
		{B44E11A2-C7D2-4574-864B-70E5F94E4C01}.Release|Any CPU.ActiveCfg = Release|Any CPU
		{B44E11A2-C7D2-4574-864B-70E5F94E4C01}.Release|Any CPU.Build.0 = Release|Any CPU
		{2DB85F4D-FE0E-4B22-8569-B02A8C4E0031}.Debug|Any CPU.ActiveCfg = Debug|Any CPU
		{2DB85F4D-FE0E-4B22-8569-B02A8C4E0031}.Debug|Any CPU.Build.0 = Debug|Any CPU
		{2DB85F4D-FE0E-4B22-8569-B02A8C4E0031}.Release|Any CPU.ActiveCfg = Release|Any CPU
		{2DB85F4D-FE0E-4B22-8569-B02A8C4E0031}.Release|Any CPU.Build.0 = Release|Any CPU
		{4649E464-3D38-45F4-9FB6-8A2F62CE2364}.Debug|Any CPU.ActiveCfg = Debug|Any CPU
		{4649E464-3D38-45F4-9FB6-8A2F62CE2364}.Debug|Any CPU.Build.0 = Debug|Any CPU
		{4649E464-3D38-45F4-9FB6-8A2F62CE2364}.Release|Any CPU.ActiveCfg = Release|Any CPU
		{4649E464-3D38-45F4-9FB6-8A2F62CE2364}.Release|Any CPU.Build.0 = Release|Any CPU
		{F1E5458A-B1B3-455B-963F-F10391E67982}.Debug|Any CPU.ActiveCfg = Debug|Any CPU
		{F1E5458A-B1B3-455B-963F-F10391E67982}.Debug|Any CPU.Build.0 = Debug|Any CPU
		{F1E5458A-B1B3-455B-963F-F10391E67982}.Release|Any CPU.ActiveCfg = Release|Any CPU
		{F1E5458A-B1B3-455B-963F-F10391E67982}.Release|Any CPU.Build.0 = Release|Any CPU
		{19777113-17D9-4968-BE8F-D031887AEBCF}.Debug|Any CPU.ActiveCfg = Debug|Any CPU
		{19777113-17D9-4968-BE8F-D031887AEBCF}.Debug|Any CPU.Build.0 = Debug|Any CPU
		{19777113-17D9-4968-BE8F-D031887AEBCF}.Release|Any CPU.ActiveCfg = Release|Any CPU
		{19777113-17D9-4968-BE8F-D031887AEBCF}.Release|Any CPU.Build.0 = Release|Any CPU
		{FD76A68E-75B4-4599-B688-80B672CA4167}.Debug|Any CPU.ActiveCfg = Debug|Any CPU
		{FD76A68E-75B4-4599-B688-80B672CA4167}.Debug|Any CPU.Build.0 = Debug|Any CPU
		{FD76A68E-75B4-4599-B688-80B672CA4167}.Release|Any CPU.ActiveCfg = Release|Any CPU
		{FD76A68E-75B4-4599-B688-80B672CA4167}.Release|Any CPU.Build.0 = Release|Any CPU
		{4D0FCFED-791E-4C7C-85A5-77C65ACCB8A9}.Debug|Any CPU.ActiveCfg = Debug|Any CPU
		{4D0FCFED-791E-4C7C-85A5-77C65ACCB8A9}.Debug|Any CPU.Build.0 = Debug|Any CPU
		{4D0FCFED-791E-4C7C-85A5-77C65ACCB8A9}.Release|Any CPU.ActiveCfg = Release|Any CPU
		{4D0FCFED-791E-4C7C-85A5-77C65ACCB8A9}.Release|Any CPU.Build.0 = Release|Any CPU
		{4A4E9662-4B21-4E50-979E-1CBF117281DC}.Debug|Any CPU.ActiveCfg = Debug|Any CPU
		{4A4E9662-4B21-4E50-979E-1CBF117281DC}.Debug|Any CPU.Build.0 = Debug|Any CPU
		{4A4E9662-4B21-4E50-979E-1CBF117281DC}.Release|Any CPU.ActiveCfg = Release|Any CPU
		{4A4E9662-4B21-4E50-979E-1CBF117281DC}.Release|Any CPU.Build.0 = Release|Any CPU
		{FB59F365-6FB6-445E-90BA-437A416D5620}.Debug|Any CPU.ActiveCfg = Debug|Any CPU
		{FB59F365-6FB6-445E-90BA-437A416D5620}.Debug|Any CPU.Build.0 = Debug|Any CPU
		{FB59F365-6FB6-445E-90BA-437A416D5620}.Release|Any CPU.ActiveCfg = Release|Any CPU
		{FB59F365-6FB6-445E-90BA-437A416D5620}.Release|Any CPU.Build.0 = Release|Any CPU
		{AE7B42C7-F306-4260-9C67-3052B7B7DF65}.Debug|Any CPU.ActiveCfg = Debug|Any CPU
		{AE7B42C7-F306-4260-9C67-3052B7B7DF65}.Debug|Any CPU.Build.0 = Debug|Any CPU
		{AE7B42C7-F306-4260-9C67-3052B7B7DF65}.Release|Any CPU.ActiveCfg = Release|Any CPU
		{AE7B42C7-F306-4260-9C67-3052B7B7DF65}.Release|Any CPU.Build.0 = Release|Any CPU
	EndGlobalSection
	GlobalSection(SolutionProperties) = preSolution
		HideSolutionNode = FALSE
	EndGlobalSection
	GlobalSection(NestedProjects) = preSolution
		{86284C15-EA35-4DE2-990D-68D497BF3971} = {54F55828-F214-4BFB-AF40-83DF4590F7D1}
		{549794EF-4543-4110-9306-BE1AFA81CB4B} = {E622BCEB-F3FF-4056-A3CE-F1A5F6394A5D}
		{6CBF24FA-D6AA-47B6-A86A-44B0944360D5} = {54F55828-F214-4BFB-AF40-83DF4590F7D1}
		{71A6D00C-C035-4BCD-B256-CCF98CC3D5AF} = {54F55828-F214-4BFB-AF40-83DF4590F7D1}
		{7B20484E-2F19-4FA7-B3CD-441965AD8D88} = {54F55828-F214-4BFB-AF40-83DF4590F7D1}
		{B44E11A2-C7D2-4574-864B-70E5F94E4C01} = {A35C0934-34A9-4674-9768-AB93DDA2780D}
		{2DB85F4D-FE0E-4B22-8569-B02A8C4E0031} = {A35C0934-34A9-4674-9768-AB93DDA2780D}
		{4649E464-3D38-45F4-9FB6-8A2F62CE2364} = {A35C0934-34A9-4674-9768-AB93DDA2780D}
		{F1E5458A-B1B3-455B-963F-F10391E67982} = {A35C0934-34A9-4674-9768-AB93DDA2780D}
		{19777113-17D9-4968-BE8F-D031887AEBCF} = {A35C0934-34A9-4674-9768-AB93DDA2780D}
		{FD76A68E-75B4-4599-B688-80B672CA4167} = {A35C0934-34A9-4674-9768-AB93DDA2780D}
		{4D0FCFED-791E-4C7C-85A5-77C65ACCB8A9} = {A35C0934-34A9-4674-9768-AB93DDA2780D}
		{4A4E9662-4B21-4E50-979E-1CBF117281DC} = {E622BCEB-F3FF-4056-A3CE-F1A5F6394A5D}
		{FB59F365-6FB6-445E-90BA-437A416D5620} = {E622BCEB-F3FF-4056-A3CE-F1A5F6394A5D}
		{AE7B42C7-F306-4260-9C67-3052B7B7DF65} = {AB91832F-6EE1-4C3B-8CD2-6D6A5ECEFBDB}
	EndGlobalSection
	GlobalSection(ExtensibilityGlobals) = postSolution
		SolutionGuid = {D5F0B373-4C13-49A4-8242-40ECE8D58BD1}
	EndGlobalSection
EndGlobal
